
Microsoft Visual Studio Solution File, Format Version 12.00
# Visual Studio 2012
Project("{FAE04EC0-301F-11D3-BF4B-00C04F79EFBC}") = "HelloCoreConsole", "HelloCoreConsole\HelloCoreConsole.csproj", "{8F40B355-8B07-4BDF-9C4A-5B74E5BEFB5D}"
EndProject
Global
	GlobalSection(SolutionConfigurationPlatforms) = preSolution
		Debug|Any CPU = Debug|Any CPU
		Release|Any CPU = Release|Any CPU
	EndGlobalSection
	GlobalSection(ProjectConfigurationPlatforms) = postSolution
		{8F40B355-8B07-4BDF-9C4A-5B74E5BEFB5D}.Debug|Any CPU.ActiveCfg = Debug|Any CPU
		{8F40B355-8B07-4BDF-9C4A-5B74E5BEFB5D}.Debug|Any CPU.Build.0 = Debug|Any CPU
		{8F40B355-8B07-4BDF-9C4A-5B74E5BEFB5D}.Release|Any CPU.ActiveCfg = Release|Any CPU
		{8F40B355-8B07-4BDF-9C4A-5B74E5BEFB5D}.Release|Any CPU.Build.0 = Release|Any CPU
	EndGlobalSection
EndGlobal
